# This file is autogenerated, do not edit; changes may be undone by the next 'dep ensure'.


[[projects]]
  branch = "query-glob"
  name = "github.com/google/zoekt"
  packages = ["query"]
  revision = "72083d83deed53520b10b69bb1c05b4815387c6a"
  source = "github.com/keegancsmith/zoekt"

[solve-meta]
  analyzer-name = "dep"
  analyzer-version = 1
  inputs-digest = "7f42cae811e7c0a73d6274c3ea7137630a71e02209f5fac35addcd5dfca73ea5"
  solver-name = "gps-cdcl"
  solver-version = 1
