# This file is autogenerated, do not edit; changes may be undone by the next 'dep ensure'.


[[projects]]
  branch = "master"
  name = "github.com/google/zoekt"
  packages = ["query"]
  revision = "b6ffdaa0b898a9a223665830355d79d1d2d608ec"

[solve-meta]
  analyzer-name = "dep"
  analyzer-version = 1
  inputs-digest = "20d49ece2cc53785a2858de60b1f661c6135c08a7b5f5f0ff9572d73f8aee488"
  solver-name = "gps-cdcl"
  solver-version = 1
